
Microsoft Visual Studio Solution File, Format Version 12.00
# Visual Studio 15
VisualStudioVersion = 15.0.26430.16
MinimumVisualStudioVersion = 10.0.40219.1
Project("{9A19103F-16F7-4668-BE54-9A1E7A4F7556}") = "ConsoleApp1", "ConsoleApp1.csproj", "{6813423D-001F-417D-A7AD-773EFF7052A2}"
EndProject
Project("{FAE04EC0-301F-11D3-BF4B-00C04F79EFBC}") = "HelloWorldAPI", "..\HelloWorldAPI\HelloWorldAPI.csproj", "{B5443E78-B67B-4905-9B99-F93DFD8EA0C0}"
EndProject
Project("{FAE04EC0-301F-11D3-BF4B-00C04F79EFBC}") = "HelloWorldInfrastructure", "HelloWorldInfrastructure\HelloWorldInfrastructure.csproj", "{C90B5C0C-2F35-4F0F-A8A2-3166090ECBAE}"
EndProject
Global
	GlobalSection(SolutionConfigurationPlatforms) = preSolution
		Debug|Any CPU = Debug|Any CPU
		Release|Any CPU = Release|Any CPU
	EndGlobalSection
	GlobalSection(ProjectConfigurationPlatforms) = postSolution
		{6813423D-001F-417D-A7AD-773EFF7052A2}.Debug|Any CPU.ActiveCfg = Debug|Any CPU
		{6813423D-001F-417D-A7AD-773EFF7052A2}.Debug|Any CPU.Build.0 = Debug|Any CPU
		{6813423D-001F-417D-A7AD-773EFF7052A2}.Release|Any CPU.ActiveCfg = Release|Any CPU
		{6813423D-001F-417D-A7AD-773EFF7052A2}.Release|Any CPU.Build.0 = Release|Any CPU
		{B5443E78-B67B-4905-9B99-F93DFD8EA0C0}.Debug|Any CPU.ActiveCfg = Debug|Any CPU
		{B5443E78-B67B-4905-9B99-F93DFD8EA0C0}.Debug|Any CPU.Build.0 = Debug|Any CPU
		{B5443E78-B67B-4905-9B99-F93DFD8EA0C0}.Release|Any CPU.ActiveCfg = Release|Any CPU
		{B5443E78-B67B-4905-9B99-F93DFD8EA0C0}.Release|Any CPU.Build.0 = Release|Any CPU
		{C90B5C0C-2F35-4F0F-A8A2-3166090ECBAE}.Debug|Any CPU.ActiveCfg = Debug|Any CPU
		{C90B5C0C-2F35-4F0F-A8A2-3166090ECBAE}.Debug|Any CPU.Build.0 = Debug|Any CPU
		{C90B5C0C-2F35-4F0F-A8A2-3166090ECBAE}.Release|Any CPU.ActiveCfg = Release|Any CPU
		{C90B5C0C-2F35-4F0F-A8A2-3166090ECBAE}.Release|Any CPU.Build.0 = Release|Any CPU
	EndGlobalSection
	GlobalSection(SolutionProperties) = preSolution
		HideSolutionNode = FALSE
	EndGlobalSection
EndGlobal
